{
  "nodes": {
    "heroic": {
      "flake": false,
      "locked": {
        "lastModified": 1782592127,
        "narHash": "sha256-if1sFv6zgdoB6yhUdkReyY9fCVFeyyF+aUUwAT+p60g=",
        "owner": "Heroic-Games-Launcher",
        "repo": "HeroicGamesLauncher",
        "rev": "274963e563776b79d5788ca9012c3ddd386ce0c1",
        "type": "github"
      },
      "original": {
        "owner": "Heroic-Games-Launcher",
        "ref": "main",
        "repo": "HeroicGamesLauncher",
        "type": "github"
      }
    },
    "home-manager": {
      "inputs": {
        "nixpkgs": [
          "nixpkgs"
        ]
      },
      "locked": {
        "lastModified": 1779506708,
        "narHash": "sha256-QOD/CNm196nCJRheux/URi4/HE66fthdOMqCJoPP1Y0=",
        "owner": "nix-community",
        "repo": "home-manager",
        "rev": "3ee51fbdac8c8bdfe1e7e1fcaba6520a563f394f",
        "type": "github"
      },
      "original": {
        "owner": "nix-community",
        "ref": "release-25.11",
        "repo": "home-manager",
        "type": "github"
      }
    },
    "hytale-launcher": {
      "inputs": {
        "nixpkgs": "nixpkgs"
      },
      "locked": {
        "lastModified": 1782343419,
        "narHash": "sha256-ZK63UUzC7nsZz96N3zDAlXxPEpC6LbnUDayTAGUrrtE=",
        "owner": "JPyke3",
        "repo": "hytale-launcher-nix",
        "rev": "5a989e1d2e1b36e4e361841a1761df4a989f8ffb",
        "type": "github"
      },
      "original": {
        "owner": "JPyke3",
        "repo": "hytale-launcher-nix",
        "type": "github"
      }
    },
    "nixpkgs": {
      "locked": {
        "lastModified": 1781577229,
        "narHash": "sha256-lrp67w8AulE9Ks53n27I45ADSzbOCn4H+CNW1Ck8B+8=",
        "owner": "NixOS",
        "repo": "nixpkgs",
        "rev": "567a49d1913ce81ac6e9582e3553dd90a955875f",
        "type": "github"
      },
      "original": {
        "owner": "NixOS",
        "ref": "nixos-unstable",
        "repo": "nixpkgs",
        "type": "github"
      }
    },
    "nixpkgs-unstable": {
      "locked": {
        "lastModified": 1784356753,
        "narHash": "sha256-12KrbMiWLcf8m7pCvAtZh1ZrgF85ZXDXvfR/fWTKy84=",
        "owner": "nixos",
        "repo": "nixpkgs",
        "rev": "61b7c44c4073f0b827768aff0049561b5110ea5a",
        "type": "github"
      },
      "original": {
        "owner": "nixos",
        "ref": "nixos-unstable",
        "repo": "nixpkgs",
        "type": "github"
      }
    },
    "nixpkgs_2": {
      "locked": {
        "lastModified": 1782847189,
        "narHash": "sha256-twXPFqFsrrY5r28Zh7Homgcp2gUMBgQ6WDS98Q/3xFI=",
        "owner": "nixos",
        "repo": "nixpkgs",
        "rev": "b6018f87da91d19d0ab4cf979885689b469cdd41",
        "type": "github"
      },
      "original": {
        "owner": "nixos",
        "ref": "nixos-25.11",
        "repo": "nixpkgs",
        "type": "github"
      }
    },
    "root": {
      "inputs": {
        "heroic": "heroic",
        "home-manager": "home-manager",
        "hytale-launcher": "hytale-launcher",
        "nixpkgs": "nixpkgs_2",
        "nixpkgs-unstable": "nixpkgs-unstable",
        "steamtinkerlaunch": "steamtinkerlaunch"
      }
    },
    "steamtinkerlaunch": {
      "flake": false,
      "locked": {
        "lastModified": 1752460600,
        "narHash": "sha256-mCcxdm8odHvTt4aP58RHY6NkaUMmMbQesUtY6dvIvOc=",
        "owner": "sonic2kk",
        "repo": "steamtinkerlaunch",
        "rev": "8550ab26a712b7f5f6d0947070181446b9de61fd",
        "type": "github"
      },
      "original": {
        "owner": "sonic2kk",
        "ref": "master",
        "repo": "steamtinkerlaunch",
        "type": "github"
      }
    }
  },
  "root": "root",
  "version": 7
}
